// !$*UTF8*$!
{
	archiveVersion = 1;
	classes = {
	};
	objectVersion = 77;
	objects = {

/* Begin PBXBuildFile section */
		0371C8F182FD4C46EFB07237 /* SOSViewModel.swift in Sources */ = {isa = PBXBuildFile; fileRef = 9EA4637EC4F446AF45FFD8E6 /* SOSViewModel.swift */; };
		0AA92E8692CFD81ABFF47834 /* CravingLoggerView.swift in Sources */ = {isa = PBXBuildFile; fileRef = 13BDF0446F9C77A0F199CCE4 /* CravingLoggerView.swift */; };
		0E26E113E9AE60F2604704B4 /* FinanceView.swift in Sources */ = {isa = PBXBuildFile; fileRef = 216F43377D58A3AEEA8AF1A6 /* FinanceView.swift */; };
		0E8A1752F252D1A5705F6446 /* DesignTokens.swift in Sources */ = {isa = PBXBuildFile; fileRef = 8E1082CD9C2E3BAB4003B430 /* DesignTokens.swift */; };
		0FA15E2F0250CF6EA455C3AD /* GroundingExerciseView.swift in Sources */ = {isa = PBXBuildFile; fileRef = F636637E6794E1F97A7A3202 /* GroundingExerciseView.swift */; };
		11239908FB66EEDFE636A3B3 /* NewEntryView.swift in Sources */ = {isa = PBXBuildFile; fileRef = 8388DFEA69040860B8155B1F /* NewEntryView.swift */; };
		16B345962FCD33ECC3D6D5CC /* UserProfile.swift in Sources */ = {isa = PBXBuildFile; fileRef = 5A65D0A36582C385B2A74A93 /* UserProfile.swift */; };
		1C3E640D5E2601BD7A478EE1 /* SelfAssessmentResult.swift in Sources */ = {isa = PBXBuildFile; fileRef = 414FAE858F8C9587B3DA2AA9 /* SelfAssessmentResult.swift */; };
		31ADABE059EC22E9D7BBADC8 /* MilestoneAchievement.swift in Sources */ = {isa = PBXBuildFile; fileRef = B21CB04AE756A1E852CCBD86 /* MilestoneAchievement.swift */; };
		32DD14845DD7AC11AA844958 /* MilestoneIcon.swift in Sources */ = {isa = PBXBuildFile; fileRef = 08BD40501D238384550EAB4A /* MilestoneIcon.swift */; };
		33908D3A4F6693D0E7E4D69D /* ReasonToQuit.swift in Sources */ = {isa = PBXBuildFile; fileRef = AAA357E70F84BCB24BB67680 /* ReasonToQuit.swift */; };
		3ABCF8C4DCB967517E97379B /* SOSView.swift in Sources */ = {isa = PBXBuildFile; fileRef = BC45A7E2407064DC8DFCF866 /* SOSView.swift */; };
		3B68C6ADC0862A4166C7B24C /* EmptyStateView.swift in Sources */ = {isa = PBXBuildFile; fileRef = E78AE232E88A1697DFBDCD7B /* EmptyStateView.swift */; };
		45F421618232154EBED5D723 /* UrgeSurfingView.swift in Sources */ = {isa = PBXBuildFile; fileRef = F6BC620EC3B08BB54B7B9F2E /* UrgeSurfingView.swift */; };
		4C2F575D93450379F32D4A6A /* NotificationManager.swift in Sources */ = {isa = PBXBuildFile; fileRef = 18C2D9B7D4110614716AE7A1 /* NotificationManager.swift */; };
		4CFB80CEFCADD7331C4469B0 /* TrackerViewModel.swift in Sources */ = {isa = PBXBuildFile; fileRef = 7A4241C6A574F73A9CFEE2EB /* TrackerViewModel.swift */; };
		4D854BB6959063CE4429159F /* RelapseReflectionView.swift in Sources */ = {isa = PBXBuildFile; fileRef = 35E36CAA76045D0D7ACBD30C /* RelapseReflectionView.swift */; };
		4ECED91E20B8F24C1A27BF10 /* SavingsCardView.swift in Sources */ = {isa = PBXBuildFile; fileRef = 62D39DB5BEACE9264AE65D3E /* SavingsCardView.swift */; };
		4F55E2B6BF2D8A7C0213BD13 /* CravingLog.swift in Sources */ = {isa = PBXBuildFile; fileRef = FD2AB1E1675E21255146F095 /* CravingLog.swift */; };
		50840BB84115E7D33AB77C1D /* ReasonsCardDeckView.swift in Sources */ = {isa = PBXBuildFile; fileRef = 89EB5B31691E19B40B807981 /* ReasonsCardDeckView.swift */; };
		50ABA35BE043A16C0E746383 /* JournalView.swift in Sources */ = {isa = PBXBuildFile; fileRef = CDAE04ED9DA6830E4F2594A4 /* JournalView.swift */; };
		53653D29570ABE886CCF84B6 /* SobrietyCalendarView.swift in Sources */ = {isa = PBXBuildFile; fileRef = DA0365722453885B5EA1DD22 /* SobrietyCalendarView.swift */; };
		63286EFBEE3309B2CA6D5247 /* AnalyticsView.swift in Sources */ = {isa = PBXBuildFile; fileRef = 0E3086444355481282E880BB /* AnalyticsView.swift */; };
		7326662AE3F6EA9B7DC12493 /* HotlineListView.swift in Sources */ = {isa = PBXBuildFile; fileRef = 0A501A66E528EF2C593C94A7 /* HotlineListView.swift */; };
		73344A710CEEB8D2A9F92A7C /* LiveCounterView.swift in Sources */ = {isa = PBXBuildFile; fileRef = F89F7B6ADF4A6459768B1D0D /* LiveCounterView.swift */; };
		75CA1CBA658ACC5653717464 /* JournalEntryView.swift in Sources */ = {isa = PBXBuildFile; fileRef = 678F5E7A456EB8AF3B86A0AC /* JournalEntryView.swift */; };
		7E1E52D0F59AF5D1CC7FDA46 /* EmergencyBuddyView.swift in Sources */ = {isa = PBXBuildFile; fileRef = 2761999E11685A879440958F /* EmergencyBuddyView.swift */; };
		878200D1B7F401CA70931C1B /* MilestonePreviewView.swift in Sources */ = {isa = PBXBuildFile; fileRef = A02B1251B0255BB91F60B5E1 /* MilestonePreviewView.swift */; };
		8A266B9E3BD70EBAD123AB84 /* MoodPickerView.swift in Sources */ = {isa = PBXBuildFile; fileRef = 97520491BA5B0A4784DFEA31 /* MoodPickerView.swift */; };
		8E377AABA296E306ADC73CD0 /* EmergencyContact.swift in Sources */ = {isa = PBXBuildFile; fileRef = 93A0021686CB704187EF09C5 /* EmergencyContact.swift */; };
		9424C2930C71866953BAEA2A /* CamouflageView.swift in Sources */ = {isa = PBXBuildFile; fileRef = A2B74374742BD9CE45168143 /* CamouflageView.swift */; };
		A162AAE189F6595ABF259010 /* BreathingExerciseView.swift in Sources */ = {isa = PBXBuildFile; fileRef = 51FF810E05AFE20C28D556D4 /* BreathingExerciseView.swift */; };
		AAEE09DCF3857556847E32F9 /* Assets.xcassets in Resources */ = {isa = PBXBuildFile; fileRef = F36EA77736CD508C279260DC /* Assets.xcassets */; };
		AAF4C1C36C49B4CE4B2D0BC0 /* TrackerView.swift in Sources */ = {isa = PBXBuildFile; fileRef = 2E20FF5EBC22CCA17EAF3325 /* TrackerView.swift */; };
		ACEFE81EB98020E56C633D76 /* FinanceViewModel.swift in Sources */ = {isa = PBXBuildFile; fileRef = 8529AF56F5BAF83867083712 /* FinanceViewModel.swift */; };
		AF9D4B743D47D187BACF67F1 /* JournalViewModel.swift in Sources */ = {isa = PBXBuildFile; fileRef = A15D3E5954E757D8BFF135CE /* JournalViewModel.swift */; };
		B1A2A862CDF6E3283EACED78 /* MoreView.swift in Sources */ = {isa = PBXBuildFile; fileRef = DED808ECB1B26957780C4A5C /* MoreView.swift */; };
		BD7535D897F07EE94DE45E3B /* SelfAssessmentView.swift in Sources */ = {isa = PBXBuildFile; fileRef = 41ED549747E0D8C743182407 /* SelfAssessmentView.swift */; };
		C0DF2902A180002C4B7914BC /* FreiSpielApp.swift in Sources */ = {isa = PBXBuildFile; fileRef = 73B7C2726BCCD33287C57056 /* FreiSpielApp.swift */; };
		C58352B9347356FDD52C7A42 /* DailyPledgeView.swift in Sources */ = {isa = PBXBuildFile; fileRef = 93A332981408CE3A1A8C40CE /* DailyPledgeView.swift */; };
		C9D51F1AFD1BB8C74B6B9227 /* CognitiveDistortionView.swift in Sources */ = {isa = PBXBuildFile; fileRef = FD6B53B4B7795647A10F7F15 /* CognitiveDistortionView.swift */; };
		CF4A6A11289E9BF3FA8E331A /* PrivacyManager.swift in Sources */ = {isa = PBXBuildFile; fileRef = 777CE4FF4A17EBE03D8A8C57 /* PrivacyManager.swift */; };
		D1B6278B76BB3141F0FF22B6 /* ContentView.swift in Sources */ = {isa = PBXBuildFile; fileRef = 62C0094732EDDD2B9F420B14 /* ContentView.swift */; };
		D4514FFF8CC9FFAA48FFADBB /* ResourcesView.swift in Sources */ = {isa = PBXBuildFile; fileRef = 74ED6CD3ECFF990714704DC1 /* ResourcesView.swift */; };
		D6BDB4AD68920021FFBB68EC /* DashboardView.swift in Sources */ = {isa = PBXBuildFile; fileRef = B431B749EA1C8CC7868247BE /* DashboardView.swift */; };
		DADE6B331C25974D2F873FA2 /* DashboardViewModel.swift in Sources */ = {isa = PBXBuildFile; fileRef = B37E4AD3AD64E648C56C94E2 /* DashboardViewModel.swift */; };
		E02C019CAA28C2563A1341B3 /* OnboardingView.swift in Sources */ = {isa = PBXBuildFile; fileRef = 698FC1D86E4B7779985DB6ED /* OnboardingView.swift */; };
		ED9FDDF5BB1A02A888C23BB9 /* SettingsView.swift in Sources */ = {isa = PBXBuildFile; fileRef = 37EEFA0DC94B1938B072C66E /* SettingsView.swift */; };
		F1D609D8C3694F4E1FE85A61 /* DEADSStrategyView.swift in Sources */ = {isa = PBXBuildFile; fileRef = F778E8B4E958A8E2F8FAF7A4 /* DEADSStrategyView.swift */; };
		F52408BCE52295DBFB99D0CD /* SavingsGoal.swift in Sources */ = {isa = PBXBuildFile; fileRef = 72064BC6E34F601FE5F7816C /* SavingsGoal.swift */; };
		F6B3506A337C70302B96ED5C /* MilestoneBadgesView.swift in Sources */ = {isa = PBXBuildFile; fileRef = FD665905E5B72252AAA7776D /* MilestoneBadgesView.swift */; };
		FC2438E29F5E9558E8A9A7E2 /* SavingsGoalCardView.swift in Sources */ = {isa = PBXBuildFile; fileRef = FE48F281FFDD9150DFF2D7F2 /* SavingsGoalCardView.swift */; };
		FD63F9B8D31AC8D5FC250E26 /* SavingsProgressView.swift in Sources */ = {isa = PBXBuildFile; fileRef = 99F029E2F44167ADC2CE197F /* SavingsProgressView.swift */; };
		FF9012EFFDCDD0718ECDBBD2 /* JournalEntry.swift in Sources */ = {isa = PBXBuildFile; fileRef = 87952C85A51D3121AAF483E6 /* JournalEntry.swift */; };
/* End PBXBuildFile section */

/* Begin PBXFileReference section */
		08BD40501D238384550EAB4A /* MilestoneIcon.swift */ = {isa = PBXFileReference; lastKnownFileType = sourcecode.swift; path = MilestoneIcon.swift; sourceTree = "<group>"; };
		0A501A66E528EF2C593C94A7 /* HotlineListView.swift */ = {isa = PBXFileReference; lastKnownFileType = sourcecode.swift; path = HotlineListView.swift; sourceTree = "<group>"; };
		0E3086444355481282E880BB /* AnalyticsView.swift */ = {isa = PBXFileReference; lastKnownFileType = sourcecode.swift; path = AnalyticsView.swift; sourceTree = "<group>"; };
		13BDF0446F9C77A0F199CCE4 /* CravingLoggerView.swift */ = {isa = PBXFileReference; lastKnownFileType = sourcecode.swift; path = CravingLoggerView.swift; sourceTree = "<group>"; };
		18C2D9B7D4110614716AE7A1 /* NotificationManager.swift */ = {isa = PBXFileReference; lastKnownFileType = sourcecode.swift; path = NotificationManager.swift; sourceTree = "<group>"; };
		216F43377D58A3AEEA8AF1A6 /* FinanceView.swift */ = {isa = PBXFileReference; lastKnownFileType = sourcecode.swift; path = FinanceView.swift; sourceTree = "<group>"; };
		2761999E11685A879440958F /* EmergencyBuddyView.swift */ = {isa = PBXFileReference; lastKnownFileType = sourcecode.swift; path = EmergencyBuddyView.swift; sourceTree = "<group>"; };
		2E20FF5EBC22CCA17EAF3325 /* TrackerView.swift */ = {isa = PBXFileReference; lastKnownFileType = sourcecode.swift; path = TrackerView.swift; sourceTree = "<group>"; };
		35E36CAA76045D0D7ACBD30C /* RelapseReflectionView.swift */ = {isa = PBXFileReference; lastKnownFileType = sourcecode.swift; path = RelapseReflectionView.swift; sourceTree = "<group>"; };
		37EEFA0DC94B1938B072C66E /* SettingsView.swift */ = {isa = PBXFileReference; lastKnownFileType = sourcecode.swift; path = SettingsView.swift; sourceTree = "<group>"; };
		414FAE858F8C9587B3DA2AA9 /* SelfAssessmentResult.swift */ = {isa = PBXFileReference; lastKnownFileType = sourcecode.swift; path = SelfAssessmentResult.swift; sourceTree = "<group>"; };
		41ED549747E0D8C743182407 /* SelfAssessmentView.swift */ = {isa = PBXFileReference; lastKnownFileType = sourcecode.swift; path = SelfAssessmentView.swift; sourceTree = "<group>"; };
		51FF810E05AFE20C28D556D4 /* BreathingExerciseView.swift */ = {isa = PBXFileReference; lastKnownFileType = sourcecode.swift; path = BreathingExerciseView.swift; sourceTree = "<group>"; };
		5A65D0A36582C385B2A74A93 /* UserProfile.swift */ = {isa = PBXFileReference; lastKnownFileType = sourcecode.swift; path = UserProfile.swift; sourceTree = "<group>"; };
		62C0094732EDDD2B9F420B14 /* ContentView.swift */ = {isa = PBXFileReference; lastKnownFileType = sourcecode.swift; path = ContentView.swift; sourceTree = "<group>"; };
		62D39DB5BEACE9264AE65D3E /* SavingsCardView.swift */ = {isa = PBXFileReference; lastKnownFileType = sourcecode.swift; path = SavingsCardView.swift; sourceTree = "<group>"; };
		678F5E7A456EB8AF3B86A0AC /* JournalEntryView.swift */ = {isa = PBXFileReference; lastKnownFileType = sourcecode.swift; path = JournalEntryView.swift; sourceTree = "<group>"; };
		698FC1D86E4B7779985DB6ED /* OnboardingView.swift */ = {isa = PBXFileReference; lastKnownFileType = sourcecode.swift; path = OnboardingView.swift; sourceTree = "<group>"; };
		72064BC6E34F601FE5F7816C /* SavingsGoal.swift */ = {isa = PBXFileReference; lastKnownFileType = sourcecode.swift; path = SavingsGoal.swift; sourceTree = "<group>"; };
		73B7C2726BCCD33287C57056 /* FreiSpielApp.swift */ = {isa = PBXFileReference; lastKnownFileType = sourcecode.swift; path = FreiSpielApp.swift; sourceTree = "<group>"; };
		74ED6CD3ECFF990714704DC1 /* ResourcesView.swift */ = {isa = PBXFileReference; lastKnownFileType = sourcecode.swift; path = ResourcesView.swift; sourceTree = "<group>"; };
		777CE4FF4A17EBE03D8A8C57 /* PrivacyManager.swift */ = {isa = PBXFileReference; lastKnownFileType = sourcecode.swift; path = PrivacyManager.swift; sourceTree = "<group>"; };
		7A4241C6A574F73A9CFEE2EB /* TrackerViewModel.swift */ = {isa = PBXFileReference; lastKnownFileType = sourcecode.swift; path = TrackerViewModel.swift; sourceTree = "<group>"; };
		8388DFEA69040860B8155B1F /* NewEntryView.swift */ = {isa = PBXFileReference; lastKnownFileType = sourcecode.swift; path = NewEntryView.swift; sourceTree = "<group>"; };
		8529AF56F5BAF83867083712 /* FinanceViewModel.swift */ = {isa = PBXFileReference; lastKnownFileType = sourcecode.swift; path = FinanceViewModel.swift; sourceTree = "<group>"; };
		87952C85A51D3121AAF483E6 /* JournalEntry.swift */ = {isa = PBXFileReference; lastKnownFileType = sourcecode.swift; path = JournalEntry.swift; sourceTree = "<group>"; };
		89EB5B31691E19B40B807981 /* ReasonsCardDeckView.swift */ = {isa = PBXFileReference; lastKnownFileType = sourcecode.swift; path = ReasonsCardDeckView.swift; sourceTree = "<group>"; };
		8E1082CD9C2E3BAB4003B430 /* DesignTokens.swift */ = {isa = PBXFileReference; lastKnownFileType = sourcecode.swift; path = DesignTokens.swift; sourceTree = "<group>"; };
		93A0021686CB704187EF09C5 /* EmergencyContact.swift */ = {isa = PBXFileReference; lastKnownFileType = sourcecode.swift; path = EmergencyContact.swift; sourceTree = "<group>"; };
		93A332981408CE3A1A8C40CE /* DailyPledgeView.swift */ = {isa = PBXFileReference; lastKnownFileType = sourcecode.swift; path = DailyPledgeView.swift; sourceTree = "<group>"; };
		97520491BA5B0A4784DFEA31 /* MoodPickerView.swift */ = {isa = PBXFileReference; lastKnownFileType = sourcecode.swift; path = MoodPickerView.swift; sourceTree = "<group>"; };
		99F029E2F44167ADC2CE197F /* SavingsProgressView.swift */ = {isa = PBXFileReference; lastKnownFileType = sourcecode.swift; path = SavingsProgressView.swift; sourceTree = "<group>"; };
		9EA4637EC4F446AF45FFD8E6 /* SOSViewModel.swift */ = {isa = PBXFileReference; lastKnownFileType = sourcecode.swift; path = SOSViewModel.swift; sourceTree = "<group>"; };
		A02B1251B0255BB91F60B5E1 /* MilestonePreviewView.swift */ = {isa = PBXFileReference; lastKnownFileType = sourcecode.swift; path = MilestonePreviewView.swift; sourceTree = "<group>"; };
		A15D3E5954E757D8BFF135CE /* JournalViewModel.swift */ = {isa = PBXFileReference; lastKnownFileType = sourcecode.swift; path = JournalViewModel.swift; sourceTree = "<group>"; };
		A2B74374742BD9CE45168143 /* CamouflageView.swift */ = {isa = PBXFileReference; lastKnownFileType = sourcecode.swift; path = CamouflageView.swift; sourceTree = "<group>"; };
		AAA357E70F84BCB24BB67680 /* ReasonToQuit.swift */ = {isa = PBXFileReference; lastKnownFileType = sourcecode.swift; path = ReasonToQuit.swift; sourceTree = "<group>"; };
		AAE3A3C5CEBB864672658FC8 /* FreiSpiel.app */ = {isa = PBXFileReference; includeInIndex = 0; lastKnownFileType = wrapper.application; path = FreiSpiel.app; sourceTree = BUILT_PRODUCTS_DIR; };
		B21CB04AE756A1E852CCBD86 /* MilestoneAchievement.swift */ = {isa = PBXFileReference; lastKnownFileType = sourcecode.swift; path = MilestoneAchievement.swift; sourceTree = "<group>"; };
		B37E4AD3AD64E648C56C94E2 /* DashboardViewModel.swift */ = {isa = PBXFileReference; lastKnownFileType = sourcecode.swift; path = DashboardViewModel.swift; sourceTree = "<group>"; };
		B431B749EA1C8CC7868247BE /* DashboardView.swift */ = {isa = PBXFileReference; lastKnownFileType = sourcecode.swift; path = DashboardView.swift; sourceTree = "<group>"; };
		BC45A7E2407064DC8DFCF866 /* SOSView.swift */ = {isa = PBXFileReference; lastKnownFileType = sourcecode.swift; path = SOSView.swift; sourceTree = "<group>"; };
		CDAE04ED9DA6830E4F2594A4 /* JournalView.swift */ = {isa = PBXFileReference; lastKnownFileType = sourcecode.swift; path = JournalView.swift; sourceTree = "<group>"; };
		DA0365722453885B5EA1DD22 /* SobrietyCalendarView.swift */ = {isa = PBXFileReference; lastKnownFileType = sourcecode.swift; path = SobrietyCalendarView.swift; sourceTree = "<group>"; };
		DED808ECB1B26957780C4A5C /* MoreView.swift */ = {isa = PBXFileReference; lastKnownFileType = sourcecode.swift; path = MoreView.swift; sourceTree = "<group>"; };
		E78AE232E88A1697DFBDCD7B /* EmptyStateView.swift */ = {isa = PBXFileReference; lastKnownFileType = sourcecode.swift; path = EmptyStateView.swift; sourceTree = "<group>"; };
		F36EA77736CD508C279260DC /* Assets.xcassets */ = {isa = PBXFileReference; lastKnownFileType = folder.assetcatalog; path = Assets.xcassets; sourceTree = "<group>"; };
		F636637E6794E1F97A7A3202 /* GroundingExerciseView.swift */ = {isa = PBXFileReference; lastKnownFileType = sourcecode.swift; path = GroundingExerciseView.swift; sourceTree = "<group>"; };
		F6BC620EC3B08BB54B7B9F2E /* UrgeSurfingView.swift */ = {isa = PBXFileReference; lastKnownFileType = sourcecode.swift; path = UrgeSurfingView.swift; sourceTree = "<group>"; };
		F778E8B4E958A8E2F8FAF7A4 /* DEADSStrategyView.swift */ = {isa = PBXFileReference; lastKnownFileType = sourcecode.swift; path = DEADSStrategyView.swift; sourceTree = "<group>"; };
		F89F7B6ADF4A6459768B1D0D /* LiveCounterView.swift */ = {isa = PBXFileReference; lastKnownFileType = sourcecode.swift; path = LiveCounterView.swift; sourceTree = "<group>"; };
		FD2AB1E1675E21255146F095 /* CravingLog.swift */ = {isa = PBXFileReference; lastKnownFileType = sourcecode.swift; path = CravingLog.swift; sourceTree = "<group>"; };
		FD665905E5B72252AAA7776D /* MilestoneBadgesView.swift */ = {isa = PBXFileReference; lastKnownFileType = sourcecode.swift; path = MilestoneBadgesView.swift; sourceTree = "<group>"; };
		FD6B53B4B7795647A10F7F15 /* CognitiveDistortionView.swift */ = {isa = PBXFileReference; lastKnownFileType = sourcecode.swift; path = CognitiveDistortionView.swift; sourceTree = "<group>"; };
		FE48F281FFDD9150DFF2D7F2 /* SavingsGoalCardView.swift */ = {isa = PBXFileReference; lastKnownFileType = sourcecode.swift; path = SavingsGoalCardView.swift; sourceTree = "<group>"; };
/* End PBXFileReference section */

/* Begin PBXGroup section */
		01E3175014C072DA5581936D /* ViewModels */ = {
			isa = PBXGroup;
			children = (
				B37E4AD3AD64E648C56C94E2 /* DashboardViewModel.swift */,
				8529AF56F5BAF83867083712 /* FinanceViewModel.swift */,
				A15D3E5954E757D8BFF135CE /* JournalViewModel.swift */,
				9EA4637EC4F446AF45FFD8E6 /* SOSViewModel.swift */,
				7A4241C6A574F73A9CFEE2EB /* TrackerViewModel.swift */,
			);
			path = ViewModels;
			sourceTree = "<group>";
		};
		1D1066343D7B7350AF3DEFE6 /* Tracker */ = {
			isa = PBXGroup;
			children = (
				0E3086444355481282E880BB /* AnalyticsView.swift */,
				13BDF0446F9C77A0F199CCE4 /* CravingLoggerView.swift */,
				FD665905E5B72252AAA7776D /* MilestoneBadgesView.swift */,
				35E36CAA76045D0D7ACBD30C /* RelapseReflectionView.swift */,
				DA0365722453885B5EA1DD22 /* SobrietyCalendarView.swift */,
				2E20FF5EBC22CCA17EAF3325 /* TrackerView.swift */,
			);
			path = Tracker;
			sourceTree = "<group>";
		};
		315D0F5CAB91D6492D999A8E /* Finance */ = {
			isa = PBXGroup;
			children = (
				216F43377D58A3AEEA8AF1A6 /* FinanceView.swift */,
				FE48F281FFDD9150DFF2D7F2 /* SavingsGoalCardView.swift */,
				99F029E2F44167ADC2CE197F /* SavingsProgressView.swift */,
			);
			path = Finance;
			sourceTree = "<group>";
		};
		43E80E6BD455E63BBBDD70A8 /* Shared */ = {
			isa = PBXGroup;
			children = (
				A2B74374742BD9CE45168143 /* CamouflageView.swift */,
				E78AE232E88A1697DFBDCD7B /* EmptyStateView.swift */,
				08BD40501D238384550EAB4A /* MilestoneIcon.swift */,
			);
			path = Shared;
			sourceTree = "<group>";
		};
		445CA341B8EB819BFFB6F03E /* Models */ = {
			isa = PBXGroup;
			children = (
				FD2AB1E1675E21255146F095 /* CravingLog.swift */,
				93A0021686CB704187EF09C5 /* EmergencyContact.swift */,
				87952C85A51D3121AAF483E6 /* JournalEntry.swift */,
				B21CB04AE756A1E852CCBD86 /* MilestoneAchievement.swift */,
				AAA357E70F84BCB24BB67680 /* ReasonToQuit.swift */,
				72064BC6E34F601FE5F7816C /* SavingsGoal.swift */,
				414FAE858F8C9587B3DA2AA9 /* SelfAssessmentResult.swift */,
				5A65D0A36582C385B2A74A93 /* UserProfile.swift */,
			);
			path = Models;
			sourceTree = "<group>";
		};
		5ECA4E797796E2DF67557811 /* Services */ = {
			isa = PBXGroup;
			children = (
				18C2D9B7D4110614716AE7A1 /* NotificationManager.swift */,
				777CE4FF4A17EBE03D8A8C57 /* PrivacyManager.swift */,
			);
			path = Services;
			sourceTree = "<group>";
		};
		6BF0B705EB9DEAE76AF3D2A2 /* Views */ = {
			isa = PBXGroup;
			children = (
				B26613991407FE3920F62695 /* Dashboard */,
				315D0F5CAB91D6492D999A8E /* Finance */,
				E3FDE6438C5FFA7CBE03435B /* Journal */,
				A8CEA4EDAFD10296F02C899E /* Resources */,
				6C473AD36A8748A038459CDD /* Settings */,
				43E80E6BD455E63BBBDD70A8 /* Shared */,
				93DF5AE1C6827CC74449A1C7 /* SOS */,
				1D1066343D7B7350AF3DEFE6 /* Tracker */,
			);
			path = Views;
			sourceTree = "<group>";
		};
		6C473AD36A8748A038459CDD /* Settings */ = {
			isa = PBXGroup;
			children = (
				DED808ECB1B26957780C4A5C /* MoreView.swift */,
				698FC1D86E4B7779985DB6ED /* OnboardingView.swift */,
				37EEFA0DC94B1938B072C66E /* SettingsView.swift */,
			);
			path = Settings;
			sourceTree = "<group>";
		};
		76F289A1E15A57C4014E25B1 /* Design */ = {
			isa = PBXGroup;
			children = (
				8E1082CD9C2E3BAB4003B430 /* DesignTokens.swift */,
			);
			path = Design;
			sourceTree = "<group>";
		};
		93DF5AE1C6827CC74449A1C7 /* SOS */ = {
			isa = PBXGroup;
			children = (
				51FF810E05AFE20C28D556D4 /* BreathingExerciseView.swift */,
				F778E8B4E958A8E2F8FAF7A4 /* DEADSStrategyView.swift */,
				2761999E11685A879440958F /* EmergencyBuddyView.swift */,
				F636637E6794E1F97A7A3202 /* GroundingExerciseView.swift */,
				0A501A66E528EF2C593C94A7 /* HotlineListView.swift */,
				89EB5B31691E19B40B807981 /* ReasonsCardDeckView.swift */,
				BC45A7E2407064DC8DFCF866 /* SOSView.swift */,
				F6BC620EC3B08BB54B7B9F2E /* UrgeSurfingView.swift */,
			);
			path = SOS;
			sourceTree = "<group>";
		};
		A8CEA4EDAFD10296F02C899E /* Resources */ = {
			isa = PBXGroup;
			children = (
				FD6B53B4B7795647A10F7F15 /* CognitiveDistortionView.swift */,
				74ED6CD3ECFF990714704DC1 /* ResourcesView.swift */,
				41ED549747E0D8C743182407 /* SelfAssessmentView.swift */,
			);
			path = Resources;
			sourceTree = "<group>";
		};
		B26613991407FE3920F62695 /* Dashboard */ = {
			isa = PBXGroup;
			children = (
				93A332981408CE3A1A8C40CE /* DailyPledgeView.swift */,
				B431B749EA1C8CC7868247BE /* DashboardView.swift */,
				F89F7B6ADF4A6459768B1D0D /* LiveCounterView.swift */,
				A02B1251B0255BB91F60B5E1 /* MilestonePreviewView.swift */,
				62D39DB5BEACE9264AE65D3E /* SavingsCardView.swift */,
			);
			path = Dashboard;
			sourceTree = "<group>";
		};
		BEABAF8618ED6F4A99C093DD /* Products */ = {
			isa = PBXGroup;
			children = (
				AAE3A3C5CEBB864672658FC8 /* FreiSpiel.app */,
			);
			name = Products;
			sourceTree = "<group>";
		};
		D955F85DD87E1558E903605B /* Sources */ = {
			isa = PBXGroup;
			children = (
				62C0094732EDDD2B9F420B14 /* ContentView.swift */,
				73B7C2726BCCD33287C57056 /* FreiSpielApp.swift */,
				76F289A1E15A57C4014E25B1 /* Design */,
				445CA341B8EB819BFFB6F03E /* Models */,
				E33AC58D7F17E83AAF99BEB1 /* Preview Content */,
				DF0AA3C81470748D3658C1A3 /* Resources */,
				5ECA4E797796E2DF67557811 /* Services */,
				01E3175014C072DA5581936D /* ViewModels */,
				6BF0B705EB9DEAE76AF3D2A2 /* Views */,
			);
			path = Sources;
			sourceTree = "<group>";
		};
		DF0AA3C81470748D3658C1A3 /* Resources */ = {
			isa = PBXGroup;
			children = (
				F36EA77736CD508C279260DC /* Assets.xcassets */,
			);
			path = Resources;
			sourceTree = "<group>";
		};
		E33AC58D7F17E83AAF99BEB1 /* Preview Content */ = {
			isa = PBXGroup;
			children = (
			);
			path = "Preview Content";
			sourceTree = "<group>";
		};
		E3FDE6438C5FFA7CBE03435B /* Journal */ = {
			isa = PBXGroup;
			children = (
				678F5E7A456EB8AF3B86A0AC /* JournalEntryView.swift */,
				CDAE04ED9DA6830E4F2594A4 /* JournalView.swift */,
				97520491BA5B0A4784DFEA31 /* MoodPickerView.swift */,
				8388DFEA69040860B8155B1F /* NewEntryView.swift */,
			);
			path = Journal;
			sourceTree = "<group>";
		};
		EE39D9F5CEB817EB6175D384 = {
			isa = PBXGroup;
			children = (
				D955F85DD87E1558E903605B /* Sources */,
				BEABAF8618ED6F4A99C093DD /* Products */,
			);
			sourceTree = "<group>";
		};
/* End PBXGroup section */

/* Begin PBXNativeTarget section */
		63BE33BD0864D90CB1642292 /* FreiSpiel */ = {
			isa = PBXNativeTarget;
			buildConfigurationList = DAC53C1045C93723594660CC /* Build configuration list for PBXNativeTarget "FreiSpiel" */;
			buildPhases = (
				E940B3F9DC26146D1590DEDE /* Sources */,
				1B5112AA44B887235E90914F /* Resources */,
			);
			buildRules = (
			);
			dependencies = (
			);
			name = FreiSpiel;
			packageProductDependencies = (
			);
			productName = FreiSpiel;
			productReference = AAE3A3C5CEBB864672658FC8 /* FreiSpiel.app */;
			productType = "com.apple.product-type.application";
		};
/* End PBXNativeTarget section */

/* Begin PBXProject section */
		F34BC079E0FEDE8494C78C1A /* Project object */ = {
			isa = PBXProject;
			attributes = {
				BuildIndependentTargetsInParallel = YES;
				LastUpgradeCheck = 1600;
				TargetAttributes = {
					63BE33BD0864D90CB1642292 = {
						DevelopmentTeam = "";
					};
				};
			};
			buildConfigurationList = E8A5FAA9095EEAF745CBDF30 /* Build configuration list for PBXProject "FreiSpiel" */;
			developmentRegion = en;
			hasScannedForEncodings = 0;
			knownRegions = (
				Base,
				en,
			);
			mainGroup = EE39D9F5CEB817EB6175D384;
			minimizedProjectReferenceProxies = 1;
			preferredProjectObjectVersion = 77;
			productRefGroup = BEABAF8618ED6F4A99C093DD /* Products */;
			projectDirPath = "";
			projectRoot = "";
			targets = (
				63BE33BD0864D90CB1642292 /* FreiSpiel */,
			);
		};
/* End PBXProject section */

/* Begin PBXResourcesBuildPhase section */
		1B5112AA44B887235E90914F /* Resources */ = {
			isa = PBXResourcesBuildPhase;
			buildActionMask = 2147483647;
			files = (
				AAEE09DCF3857556847E32F9 /* Assets.xcassets in Resources */,
			);
			runOnlyForDeploymentPostprocessing = 0;
		};
/* End PBXResourcesBuildPhase section */

/* Begin PBXSourcesBuildPhase section */
		E940B3F9DC26146D1590DEDE /* Sources */ = {
			isa = PBXSourcesBuildPhase;
			buildActionMask = 2147483647;
			files = (
				63286EFBEE3309B2CA6D5247 /* AnalyticsView.swift in Sources */,
				A162AAE189F6595ABF259010 /* BreathingExerciseView.swift in Sources */,
				9424C2930C71866953BAEA2A /* CamouflageView.swift in Sources */,
				C9D51F1AFD1BB8C74B6B9227 /* CognitiveDistortionView.swift in Sources */,
				D1B6278B76BB3141F0FF22B6 /* ContentView.swift in Sources */,
				4F55E2B6BF2D8A7C0213BD13 /* CravingLog.swift in Sources */,
				0AA92E8692CFD81ABFF47834 /* CravingLoggerView.swift in Sources */,
				F1D609D8C3694F4E1FE85A61 /* DEADSStrategyView.swift in Sources */,
				C58352B9347356FDD52C7A42 /* DailyPledgeView.swift in Sources */,
				D6BDB4AD68920021FFBB68EC /* DashboardView.swift in Sources */,
				DADE6B331C25974D2F873FA2 /* DashboardViewModel.swift in Sources */,
				0E8A1752F252D1A5705F6446 /* DesignTokens.swift in Sources */,
				7E1E52D0F59AF5D1CC7FDA46 /* EmergencyBuddyView.swift in Sources */,
				8E377AABA296E306ADC73CD0 /* EmergencyContact.swift in Sources */,
				3B68C6ADC0862A4166C7B24C /* EmptyStateView.swift in Sources */,
				0E26E113E9AE60F2604704B4 /* FinanceView.swift in Sources */,
				ACEFE81EB98020E56C633D76 /* FinanceViewModel.swift in Sources */,
				C0DF2902A180002C4B7914BC /* FreiSpielApp.swift in Sources */,
				0FA15E2F0250CF6EA455C3AD /* GroundingExerciseView.swift in Sources */,
				7326662AE3F6EA9B7DC12493 /* HotlineListView.swift in Sources */,
				FF9012EFFDCDD0718ECDBBD2 /* JournalEntry.swift in Sources */,
				75CA1CBA658ACC5653717464 /* JournalEntryView.swift in Sources */,
				50ABA35BE043A16C0E746383 /* JournalView.swift in Sources */,
				AF9D4B743D47D187BACF67F1 /* JournalViewModel.swift in Sources */,
				73344A710CEEB8D2A9F92A7C /* LiveCounterView.swift in Sources */,
				31ADABE059EC22E9D7BBADC8 /* MilestoneAchievement.swift in Sources */,
				F6B3506A337C70302B96ED5C /* MilestoneBadgesView.swift in Sources */,
				32DD14845DD7AC11AA844958 /* MilestoneIcon.swift in Sources */,
				878200D1B7F401CA70931C1B /* MilestonePreviewView.swift in Sources */,
				8A266B9E3BD70EBAD123AB84 /* MoodPickerView.swift in Sources */,
				B1A2A862CDF6E3283EACED78 /* MoreView.swift in Sources */,
				11239908FB66EEDFE636A3B3 /* NewEntryView.swift in Sources */,
				4C2F575D93450379F32D4A6A /* NotificationManager.swift in Sources */,
				E02C019CAA28C2563A1341B3 /* OnboardingView.swift in Sources */,
				CF4A6A11289E9BF3FA8E331A /* PrivacyManager.swift in Sources */,
				33908D3A4F6693D0E7E4D69D /* ReasonToQuit.swift in Sources */,
				50840BB84115E7D33AB77C1D /* ReasonsCardDeckView.swift in Sources */,
				4D854BB6959063CE4429159F /* RelapseReflectionView.swift in Sources */,
				D4514FFF8CC9FFAA48FFADBB /* ResourcesView.swift in Sources */,
				3ABCF8C4DCB967517E97379B /* SOSView.swift in Sources */,
				0371C8F182FD4C46EFB07237 /* SOSViewModel.swift in Sources */,
				4ECED91E20B8F24C1A27BF10 /* SavingsCardView.swift in Sources */,
				F52408BCE52295DBFB99D0CD /* SavingsGoal.swift in Sources */,
				FC2438E29F5E9558E8A9A7E2 /* SavingsGoalCardView.swift in Sources */,
				FD63F9B8D31AC8D5FC250E26 /* SavingsProgressView.swift in Sources */,
				1C3E640D5E2601BD7A478EE1 /* SelfAssessmentResult.swift in Sources */,
				BD7535D897F07EE94DE45E3B /* SelfAssessmentView.swift in Sources */,
				ED9FDDF5BB1A02A888C23BB9 /* SettingsView.swift in Sources */,
				53653D29570ABE886CCF84B6 /* SobrietyCalendarView.swift in Sources */,
				AAF4C1C36C49B4CE4B2D0BC0 /* TrackerView.swift in Sources */,
				4CFB80CEFCADD7331C4469B0 /* TrackerViewModel.swift in Sources */,
				45F421618232154EBED5D723 /* UrgeSurfingView.swift in Sources */,
				16B345962FCD33ECC3D6D5CC /* UserProfile.swift in Sources */,
			);
			runOnlyForDeploymentPostprocessing = 0;
		};
/* End PBXSourcesBuildPhase section */

/* Begin XCBuildConfiguration section */
		3D77293D6313632D5F6CD0B3 /* Release */ = {
			isa = XCBuildConfiguration;
			buildSettings = {
				ALWAYS_SEARCH_USER_PATHS = NO;
				CLANG_ANALYZER_NONNULL = YES;
				CLANG_ANALYZER_NUMBER_OBJECT_CONVERSION = YES_AGGRESSIVE;
				CLANG_CXX_LANGUAGE_STANDARD = "gnu++14";
				CLANG_CXX_LIBRARY = "libc++";
				CLANG_ENABLE_MODULES = YES;
				CLANG_ENABLE_OBJC_ARC = YES;
				CLANG_ENABLE_OBJC_WEAK = YES;
				CLANG_WARN_BLOCK_CAPTURE_AUTORELEASING = YES;
				CLANG_WARN_BOOL_CONVERSION = YES;
				CLANG_WARN_COMMA = YES;
				CLANG_WARN_CONSTANT_CONVERSION = YES;
				CLANG_WARN_DEPRECATED_OBJC_IMPLEMENTATIONS = YES;
				CLANG_WARN_DIRECT_OBJC_ISA_USAGE = YES_ERROR;
				CLANG_WARN_DOCUMENTATION_COMMENTS = YES;
				CLANG_WARN_EMPTY_BODY = YES;
				CLANG_WARN_ENUM_CONVERSION = YES;
				CLANG_WARN_INFINITE_RECURSION = YES;
				CLANG_WARN_INT_CONVERSION = YES;
				CLANG_WARN_NON_LITERAL_NULL_CONVERSION = YES;
				CLANG_WARN_OBJC_IMPLICIT_RETAIN_SELF = YES;
				CLANG_WARN_OBJC_LITERAL_CONVERSION = YES;
				CLANG_WARN_OBJC_ROOT_CLASS = YES_ERROR;
				CLANG_WARN_QUOTED_INCLUDE_IN_FRAMEWORK_HEADER = YES;
				CLANG_WARN_RANGE_LOOP_ANALYSIS = YES;
				CLANG_WARN_STRICT_PROTOTYPES = YES;
				CLANG_WARN_SUSPICIOUS_MOVE = YES;
				CLANG_WARN_UNGUARDED_AVAILABILITY = YES_AGGRESSIVE;
				CLANG_WARN_UNREACHABLE_CODE = YES;
				CLANG_WARN__DUPLICATE_METHOD_MATCH = YES;
				COPY_PHASE_STRIP = NO;
				DEBUG_INFORMATION_FORMAT = "dwarf-with-dsym";
				DEVELOPMENT_TEAM = "";
				ENABLE_NS_ASSERTIONS = NO;
				ENABLE_STRICT_OBJC_MSGSEND = YES;
				GCC_C_LANGUAGE_STANDARD = gnu11;
				GCC_NO_COMMON_BLOCKS = YES;
				GCC_WARN_64_TO_32_BIT_CONVERSION = YES;
				GCC_WARN_ABOUT_RETURN_TYPE = YES_ERROR;
				GCC_WARN_UNDECLARED_SELECTOR = YES;
				GCC_WARN_UNINITIALIZED_AUTOS = YES_AGGRESSIVE;
				GCC_WARN_UNUSED_FUNCTION = YES;
				GCC_WARN_UNUSED_VARIABLE = YES;
				INFOPLIST_KEY_CFBundleDisplayName = FreiSpiel;
				INFOPLIST_KEY_LSApplicationCategoryType = "public.app-category.healthcare-fitness";
				IPHONEOS_DEPLOYMENT_TARGET = 18.0;
				MTL_ENABLE_DEBUG_INFO = NO;
				MTL_FAST_MATH = YES;
				PRODUCT_NAME = "$(TARGET_NAME)";
				SDKROOT = iphoneos;
				SWIFT_COMPILATION_MODE = wholemodule;
				SWIFT_OPTIMIZATION_LEVEL = "-O";
				SWIFT_STRICT_CONCURRENCY = complete;
				SWIFT_VERSION = 6.0;
				TARGETED_DEVICE_FAMILY = "1,2";
			};
			name = Release;
		};
		7125B8A53AB03D19BBEFE97F /* Release */ = {
			isa = XCBuildConfiguration;
			buildSettings = {
				ASSETCATALOG_COMPILER_APPICON_NAME = AppIcon;
				ASSETCATALOG_COMPILER_GLOBAL_ACCENT_COLOR_NAME = AccentColor;
				CODE_SIGNING_ALLOWED = NO;
				CODE_SIGNING_REQUIRED = NO;
				CODE_SIGN_IDENTITY = "";
				ENABLE_PREVIEWS = YES;
				GENERATE_INFOPLIST_FILE = YES;
				INFOPLIST_KEY_UILaunchScreen_Generation = YES;
				INFOPLIST_KEY_UISupportedInterfaceOrientations_iPhone = UIInterfaceOrientationPortrait;
				LD_RUNPATH_SEARCH_PATHS = (
					"$(inherited)",
					"@executable_path/Frameworks",
				);
				PRODUCT_BUNDLE_IDENTIFIER = com.freispiel.app;
				SDKROOT = iphoneos;
				TARGETED_DEVICE_FAMILY = "1,2";
			};
			name = Release;
		};
		EAC3EE5AC843DC3CC77BD87E /* Debug */ = {
			isa = XCBuildConfiguration;
			buildSettings = {
				ASSETCATALOG_COMPILER_APPICON_NAME = AppIcon;
				ASSETCATALOG_COMPILER_GLOBAL_ACCENT_COLOR_NAME = AccentColor;
				CODE_SIGNING_ALLOWED = NO;
				CODE_SIGNING_REQUIRED = NO;
				CODE_SIGN_IDENTITY = "";
				ENABLE_PREVIEWS = YES;
				GENERATE_INFOPLIST_FILE = YES;
				INFOPLIST_KEY_UILaunchScreen_Generation = YES;
				INFOPLIST_KEY_UISupportedInterfaceOrientations_iPhone = UIInterfaceOrientationPortrait;
				LD_RUNPATH_SEARCH_PATHS = (
					"$(inherited)",
					"@executable_path/Frameworks",
				);
				PRODUCT_BUNDLE_IDENTIFIER = com.freispiel.app;
				SDKROOT = iphoneos;
				TARGETED_DEVICE_FAMILY = "1,2";
			};
			name = Debug;
		};
		FFE762E5F5D7499B145A0745 /* Debug */ = {
			isa = XCBuildConfiguration;
			buildSettings = {
				ALWAYS_SEARCH_USER_PATHS = NO;
				CLANG_ANALYZER_NONNULL = YES;
				CLANG_ANALYZER_NUMBER_OBJECT_CONVERSION = YES_AGGRESSIVE;
				CLANG_CXX_LANGUAGE_STANDARD = "gnu++14";
				CLANG_CXX_LIBRARY = "libc++";
				CLANG_ENABLE_MODULES = YES;
				CLANG_ENABLE_OBJC_ARC = YES;
				CLANG_ENABLE_OBJC_WEAK = YES;
				CLANG_WARN_BLOCK_CAPTURE_AUTORELEASING = YES;
				CLANG_WARN_BOOL_CONVERSION = YES;
				CLANG_WARN_COMMA = YES;
				CLANG_WARN_CONSTANT_CONVERSION = YES;
				CLANG_WARN_DEPRECATED_OBJC_IMPLEMENTATIONS = YES;
				CLANG_WARN_DIRECT_OBJC_ISA_USAGE = YES_ERROR;
				CLANG_WARN_DOCUMENTATION_COMMENTS = YES;
				CLANG_WARN_EMPTY_BODY = YES;
				CLANG_WARN_ENUM_CONVERSION = YES;
				CLANG_WARN_INFINITE_RECURSION = YES;
				CLANG_WARN_INT_CONVERSION = YES;
				CLANG_WARN_NON_LITERAL_NULL_CONVERSION = YES;
				CLANG_WARN_OBJC_IMPLICIT_RETAIN_SELF = YES;
				CLANG_WARN_OBJC_LITERAL_CONVERSION = YES;
				CLANG_WARN_OBJC_ROOT_CLASS = YES_ERROR;
				CLANG_WARN_QUOTED_INCLUDE_IN_FRAMEWORK_HEADER = YES;
				CLANG_WARN_RANGE_LOOP_ANALYSIS = YES;
				CLANG_WARN_STRICT_PROTOTYPES = YES;
				CLANG_WARN_SUSPICIOUS_MOVE = YES;
				CLANG_WARN_UNGUARDED_AVAILABILITY = YES_AGGRESSIVE;
				CLANG_WARN_UNREACHABLE_CODE = YES;
				CLANG_WARN__DUPLICATE_METHOD_MATCH = YES;
				COPY_PHASE_STRIP = NO;
				DEBUG_INFORMATION_FORMAT = dwarf;
				DEVELOPMENT_TEAM = "";
				ENABLE_STRICT_OBJC_MSGSEND = YES;
				ENABLE_TESTABILITY = YES;
				GCC_C_LANGUAGE_STANDARD = gnu11;
				GCC_DYNAMIC_NO_PIC = NO;
				GCC_NO_COMMON_BLOCKS = YES;
				GCC_OPTIMIZATION_LEVEL = 0;
				GCC_PREPROCESSOR_DEFINITIONS = (
					"$(inherited)",
					"DEBUG=1",
				);
				GCC_WARN_64_TO_32_BIT_CONVERSION = YES;
				GCC_WARN_ABOUT_RETURN_TYPE = YES_ERROR;
				GCC_WARN_UNDECLARED_SELECTOR = YES;
				GCC_WARN_UNINITIALIZED_AUTOS = YES_AGGRESSIVE;
				GCC_WARN_UNUSED_FUNCTION = YES;
				GCC_WARN_UNUSED_VARIABLE = YES;
				INFOPLIST_KEY_CFBundleDisplayName = FreiSpiel;
				INFOPLIST_KEY_LSApplicationCategoryType = "public.app-category.healthcare-fitness";
				IPHONEOS_DEPLOYMENT_TARGET = 18.0;
				MTL_ENABLE_DEBUG_INFO = INCLUDE_SOURCE;
				MTL_FAST_MATH = YES;
				ONLY_ACTIVE_ARCH = YES;
				PRODUCT_NAME = "$(TARGET_NAME)";
				SDKROOT = iphoneos;
				SWIFT_ACTIVE_COMPILATION_CONDITIONS = DEBUG;
				SWIFT_OPTIMIZATION_LEVEL = "-Onone";
				SWIFT_STRICT_CONCURRENCY = complete;
				SWIFT_VERSION = 6.0;
				TARGETED_DEVICE_FAMILY = "1,2";
			};
			name = Debug;
		};
/* End XCBuildConfiguration section */

/* Begin XCConfigurationList section */
		DAC53C1045C93723594660CC /* Build configuration list for PBXNativeTarget "FreiSpiel" */ = {
			isa = XCConfigurationList;
			buildConfigurations = (
				EAC3EE5AC843DC3CC77BD87E /* Debug */,
				7125B8A53AB03D19BBEFE97F /* Release */,
			);
			defaultConfigurationIsVisible = 0;
			defaultConfigurationName = Debug;
		};
		E8A5FAA9095EEAF745CBDF30 /* Build configuration list for PBXProject "FreiSpiel" */ = {
			isa = XCConfigurationList;
			buildConfigurations = (
				FFE762E5F5D7499B145A0745 /* Debug */,
				3D77293D6313632D5F6CD0B3 /* Release */,
			);
			defaultConfigurationIsVisible = 0;
			defaultConfigurationName = Debug;
		};
/* End XCConfigurationList section */
	};
	rootObject = F34BC079E0FEDE8494C78C1A /* Project object */;
}
